schema: '2.0'
stages:
  object_detection:
    cmd: python aerialimagesdetection/inference/detection.py
    deps:
    - path: data/raw_data
      hash: md5
      md5: e43cde372ee87338adcc5e317f2b44c2.dir
      size: 8539684
      nfiles: 6
    outs:
    - path: data/output/annotated_images
      hash: md5
      md5: d751713988987e9331980363e24189ce.dir
      size: 0
      nfiles: 0
    - path: data/output/objects.csv
      hash: md5
      md5: d41d8cd98f00b204e9800998ecf8427e
      size: 0
  building_footprint:
    cmd: python aerialimagesdetection/inference/footprint.py
    deps:
    - path: data/raw_data
      hash: md5
      md5: e43cde372ee87338adcc5e317f2b44c2.dir
      size: 8539684
      nfiles: 6
    outs:
    - path: data/output/footprints.csv
      hash: md5
      md5: d41d8cd98f00b204e9800998ecf8427e
      size: 0
    - path: data/output/masked_images
      hash: md5
      md5: d751713988987e9331980363e24189ce.dir
      size: 0
      nfiles: 0
  super_resolution:
    cmd: python aerialimagesdetection/inference/super_resolution.py
    deps:
    - path: data/raw_data
      hash: md5
      md5: e43cde372ee87338adcc5e317f2b44c2.dir
      size: 8539684
      nfiles: 6
    outs:
    - path: data/upscaled_data/
      hash: md5
      md5: e43cde372ee87338adcc5e317f2b44c2.dir
      size: 8539684
      nfiles: 6
